
Microsoft Visual Studio Solution File, Format Version 12.00
# Visual Studio 14
VisualStudioVersion = 14.0.23107.0
MinimumVisualStudioVersion = 10.0.40219.1
Project("{FAE04EC0-301F-11D3-BF4B-00C04F79EFBC}") = "pharm_dbb.Droid", "pharm-dbb\pharm_dbb.Droid\pharm_dbb.Droid.csproj", "{C76CA0D8-D1A1-4D09-8FEC-367AA8194C3D}"
EndProject
Project("{FAE04EC0-301F-11D3-BF4B-00C04F79EFBC}") = "DoLS", "pharm-dbb\pharm_dbb.iOS\DoLS.csproj", "{8C680234-68D0-4286-AEC5-F0AF155A82C5}"
EndProject
Project("{FAE04EC0-301F-11D3-BF4B-00C04F79EFBC}") = "pharm_dbb.WinPhone", "pharm-dbb\pharm_dbb.WinPhone\pharm_dbb.WinPhone.csproj", "{4F7A4EF6-6E26-40E2-BC5A-9B0BA2A00F60}"
EndProject
Project("{FAE04EC0-301F-11D3-BF4B-00C04F79EFBC}") = "pharm_dbb", "pharm-dbb\pharm_dbb\pharm_dbb.csproj", "{0566BCBA-8016-41BA-BCDF-66E0DDE775B4}"
EndProject
Global
	GlobalSection(SolutionConfigurationPlatforms) = preSolution
		Ad-Hoc|Any CPU = Ad-Hoc|Any CPU
		Ad-Hoc|ARM = Ad-Hoc|ARM
		Ad-Hoc|iPhone = Ad-Hoc|iPhone
		Ad-Hoc|iPhoneSimulator = Ad-Hoc|iPhoneSimulator
		Ad-Hoc|x64 = Ad-Hoc|x64
		Ad-Hoc|x86 = Ad-Hoc|x86
		AppStore|Any CPU = AppStore|Any CPU
		AppStore|ARM = AppStore|ARM
		AppStore|iPhone = AppStore|iPhone
		AppStore|iPhoneSimulator = AppStore|iPhoneSimulator
		AppStore|x64 = AppStore|x64
		AppStore|x86 = AppStore|x86
		Debug|Any CPU = Debug|Any CPU
		Debug|ARM = Debug|ARM
		Debug|iPhone = Debug|iPhone
		Debug|iPhoneSimulator = Debug|iPhoneSimulator
		Debug|x64 = Debug|x64
		Debug|x86 = Debug|x86
		Release|Any CPU = Release|Any CPU
		Release|ARM = Release|ARM
		Release|iPhone = Release|iPhone
		Release|iPhoneSimulator = Release|iPhoneSimulator
		Release|x64 = Release|x64
		Release|x86 = Release|x86
	EndGlobalSection
	GlobalSection(ProjectConfigurationPlatforms) = postSolution
		{C76CA0D8-D1A1-4D09-8FEC-367AA8194C3D}.Ad-Hoc|Any CPU.ActiveCfg = Release|Any CPU
		{C76CA0D8-D1A1-4D09-8FEC-367AA8194C3D}.Ad-Hoc|Any CPU.Build.0 = Release|Any CPU
		{C76CA0D8-D1A1-4D09-8FEC-367AA8194C3D}.Ad-Hoc|Any CPU.Deploy.0 = Release|Any CPU
		{C76CA0D8-D1A1-4D09-8FEC-367AA8194C3D}.Ad-Hoc|ARM.ActiveCfg = Release|Any CPU
		{C76CA0D8-D1A1-4D09-8FEC-367AA8194C3D}.Ad-Hoc|ARM.Build.0 = Release|Any CPU
		{C76CA0D8-D1A1-4D09-8FEC-367AA8194C3D}.Ad-Hoc|ARM.Deploy.0 = Release|Any CPU
		{C76CA0D8-D1A1-4D09-8FEC-367AA8194C3D}.Ad-Hoc|iPhone.ActiveCfg = Release|Any CPU
		{C76CA0D8-D1A1-4D09-8FEC-367AA8194C3D}.Ad-Hoc|iPhone.Deploy.0 = Release|Any CPU
		{C76CA0D8-D1A1-4D09-8FEC-367AA8194C3D}.Ad-Hoc|iPhoneSimulator.ActiveCfg = Release|Any CPU
		{C76CA0D8-D1A1-4D09-8FEC-367AA8194C3D}.Ad-Hoc|iPhoneSimulator.Build.0 = Release|Any CPU
		{C76CA0D8-D1A1-4D09-8FEC-367AA8194C3D}.Ad-Hoc|iPhoneSimulator.Deploy.0 = Release|Any CPU
		{C76CA0D8-D1A1-4D09-8FEC-367AA8194C3D}.Ad-Hoc|x64.ActiveCfg = Release|Any CPU
		{C76CA0D8-D1A1-4D09-8FEC-367AA8194C3D}.Ad-Hoc|x64.Build.0 = Release|Any CPU
		{C76CA0D8-D1A1-4D09-8FEC-367AA8194C3D}.Ad-Hoc|x64.Deploy.0 = Release|Any CPU
		{C76CA0D8-D1A1-4D09-8FEC-367AA8194C3D}.Ad-Hoc|x86.ActiveCfg = Release|Any CPU
		{C76CA0D8-D1A1-4D09-8FEC-367AA8194C3D}.Ad-Hoc|x86.Build.0 = Release|Any CPU
		{C76CA0D8-D1A1-4D09-8FEC-367AA8194C3D}.Ad-Hoc|x86.Deploy.0 = Release|Any CPU
		{C76CA0D8-D1A1-4D09-8FEC-367AA8194C3D}.AppStore|Any CPU.ActiveCfg = Release|Any CPU
		{C76CA0D8-D1A1-4D09-8FEC-367AA8194C3D}.AppStore|ARM.ActiveCfg = Release|Any CPU
		{C76CA0D8-D1A1-4D09-8FEC-367AA8194C3D}.AppStore|ARM.Build.0 = Release|Any CPU
		{C76CA0D8-D1A1-4D09-8FEC-367AA8194C3D}.AppStore|ARM.Deploy.0 = Release|Any CPU
		{C76CA0D8-D1A1-4D09-8FEC-367AA8194C3D}.AppStore|iPhone.ActiveCfg = Release|Any CPU
		{C76CA0D8-D1A1-4D09-8FEC-367AA8194C3D}.AppStore|iPhoneSimulator.ActiveCfg = Release|Any CPU
		{C76CA0D8-D1A1-4D09-8FEC-367AA8194C3D}.AppStore|x64.ActiveCfg = Release|Any CPU
		{C76CA0D8-D1A1-4D09-8FEC-367AA8194C3D}.AppStore|x64.Build.0 = Release|Any CPU
		{C76CA0D8-D1A1-4D09-8FEC-367AA8194C3D}.AppStore|x64.Deploy.0 = Release|Any CPU
		{C76CA0D8-D1A1-4D09-8FEC-367AA8194C3D}.AppStore|x86.ActiveCfg = Release|Any CPU
		{C76CA0D8-D1A1-4D09-8FEC-367AA8194C3D}.AppStore|x86.Build.0 = Release|Any CPU
		{C76CA0D8-D1A1-4D09-8FEC-367AA8194C3D}.AppStore|x86.Deploy.0 = Release|Any CPU
		{C76CA0D8-D1A1-4D09-8FEC-367AA8194C3D}.Debug|Any CPU.ActiveCfg = Release|Any CPU
		{C76CA0D8-D1A1-4D09-8FEC-367AA8194C3D}.Debug|Any CPU.Build.0 = Release|Any CPU
		{C76CA0D8-D1A1-4D09-8FEC-367AA8194C3D}.Debug|Any CPU.Deploy.0 = Release|Any CPU
		{C76CA0D8-D1A1-4D09-8FEC-367AA8194C3D}.Debug|ARM.ActiveCfg = Debug|Any CPU
		{C76CA0D8-D1A1-4D09-8FEC-367AA8194C3D}.Debug|ARM.Build.0 = Debug|Any CPU
		{C76CA0D8-D1A1-4D09-8FEC-367AA8194C3D}.Debug|ARM.Deploy.0 = Debug|Any CPU
		{C76CA0D8-D1A1-4D09-8FEC-367AA8194C3D}.Debug|iPhone.ActiveCfg = Debug|Any CPU
		{C76CA0D8-D1A1-4D09-8FEC-367AA8194C3D}.Debug|iPhoneSimulator.ActiveCfg = Debug|Any CPU
		{C76CA0D8-D1A1-4D09-8FEC-367AA8194C3D}.Debug|x64.ActiveCfg = Debug|Any CPU
		{C76CA0D8-D1A1-4D09-8FEC-367AA8194C3D}.Debug|x64.Build.0 = Debug|Any CPU
		{C76CA0D8-D1A1-4D09-8FEC-367AA8194C3D}.Debug|x64.Deploy.0 = Debug|Any CPU
		{C76CA0D8-D1A1-4D09-8FEC-367AA8194C3D}.Debug|x86.ActiveCfg = Debug|Any CPU
		{C76CA0D8-D1A1-4D09-8FEC-367AA8194C3D}.Debug|x86.Build.0 = Debug|Any CPU
		{C76CA0D8-D1A1-4D09-8FEC-367AA8194C3D}.Debug|x86.Deploy.0 = Debug|Any CPU
		{C76CA0D8-D1A1-4D09-8FEC-367AA8194C3D}.Release|Any CPU.ActiveCfg = Release|Any CPU
		{C76CA0D8-D1A1-4D09-8FEC-367AA8194C3D}.Release|ARM.ActiveCfg = Release|Any CPU
		{C76CA0D8-D1A1-4D09-8FEC-367AA8194C3D}.Release|iPhone.ActiveCfg = Release|Any CPU
		{C76CA0D8-D1A1-4D09-8FEC-367AA8194C3D}.Release|iPhoneSimulator.ActiveCfg = Release|Any CPU
		{C76CA0D8-D1A1-4D09-8FEC-367AA8194C3D}.Release|iPhoneSimulator.Build.0 = Release|Any CPU
		{C76CA0D8-D1A1-4D09-8FEC-367AA8194C3D}.Release|iPhoneSimulator.Deploy.0 = Release|Any CPU
		{C76CA0D8-D1A1-4D09-8FEC-367AA8194C3D}.Release|x64.ActiveCfg = Release|Any CPU
		{C76CA0D8-D1A1-4D09-8FEC-367AA8194C3D}.Release|x64.Build.0 = Release|Any CPU
		{C76CA0D8-D1A1-4D09-8FEC-367AA8194C3D}.Release|x64.Deploy.0 = Release|Any CPU
		{C76CA0D8-D1A1-4D09-8FEC-367AA8194C3D}.Release|x86.ActiveCfg = Release|Any CPU
		{C76CA0D8-D1A1-4D09-8FEC-367AA8194C3D}.Release|x86.Build.0 = Release|Any CPU
		{C76CA0D8-D1A1-4D09-8FEC-367AA8194C3D}.Release|x86.Deploy.0 = Release|Any CPU
		{8C680234-68D0-4286-AEC5-F0AF155A82C5}.Ad-Hoc|Any CPU.ActiveCfg = Ad-Hoc|iPhone
		{8C680234-68D0-4286-AEC5-F0AF155A82C5}.Ad-Hoc|ARM.ActiveCfg = Ad-Hoc|iPhone
		{8C680234-68D0-4286-AEC5-F0AF155A82C5}.Ad-Hoc|iPhone.ActiveCfg = Ad-Hoc|iPhone
		{8C680234-68D0-4286-AEC5-F0AF155A82C5}.Ad-Hoc|iPhone.Build.0 = Ad-Hoc|iPhone
		{8C680234-68D0-4286-AEC5-F0AF155A82C5}.Ad-Hoc|iPhoneSimulator.ActiveCfg = Ad-Hoc|iPhoneSimulator
		{8C680234-68D0-4286-AEC5-F0AF155A82C5}.Ad-Hoc|iPhoneSimulator.Build.0 = Ad-Hoc|iPhoneSimulator
		{8C680234-68D0-4286-AEC5-F0AF155A82C5}.Ad-Hoc|x64.ActiveCfg = Ad-Hoc|iPhone
		{8C680234-68D0-4286-AEC5-F0AF155A82C5}.Ad-Hoc|x86.ActiveCfg = Ad-Hoc|iPhone
		{8C680234-68D0-4286-AEC5-F0AF155A82C5}.AppStore|Any CPU.ActiveCfg = AppStore|iPhone
		{8C680234-68D0-4286-AEC5-F0AF155A82C5}.AppStore|ARM.ActiveCfg = AppStore|iPhone
		{8C680234-68D0-4286-AEC5-F0AF155A82C5}.AppStore|iPhone.ActiveCfg = AppStore|iPhone
		{8C680234-68D0-4286-AEC5-F0AF155A82C5}.AppStore|iPhone.Build.0 = AppStore|iPhone
		{8C680234-68D0-4286-AEC5-F0AF155A82C5}.AppStore|iPhoneSimulator.ActiveCfg = AppStore|iPhoneSimulator
		{8C680234-68D0-4286-AEC5-F0AF155A82C5}.AppStore|iPhoneSimulator.Build.0 = AppStore|iPhoneSimulator
		{8C680234-68D0-4286-AEC5-F0AF155A82C5}.AppStore|x64.ActiveCfg = AppStore|iPhone
		{8C680234-68D0-4286-AEC5-F0AF155A82C5}.AppStore|x86.ActiveCfg = AppStore|iPhone
		{8C680234-68D0-4286-AEC5-F0AF155A82C5}.Debug|Any CPU.ActiveCfg = Debug|iPhone
		{8C680234-68D0-4286-AEC5-F0AF155A82C5}.Debug|ARM.ActiveCfg = Debug|iPhone
		{8C680234-68D0-4286-AEC5-F0AF155A82C5}.Debug|iPhone.ActiveCfg = Release|iPhone
		{8C680234-68D0-4286-AEC5-F0AF155A82C5}.Debug|iPhone.Build.0 = Release|iPhone
		{8C680234-68D0-4286-AEC5-F0AF155A82C5}.Debug|iPhoneSimulator.ActiveCfg = Debug|iPhoneSimulator
		{8C680234-68D0-4286-AEC5-F0AF155A82C5}.Debug|iPhoneSimulator.Build.0 = Debug|iPhoneSimulator
		{8C680234-68D0-4286-AEC5-F0AF155A82C5}.Debug|x64.ActiveCfg = Debug|iPhone
		{8C680234-68D0-4286-AEC5-F0AF155A82C5}.Debug|x86.ActiveCfg = Debug|iPhone
		{8C680234-68D0-4286-AEC5-F0AF155A82C5}.Release|Any CPU.ActiveCfg = Release|iPhone
		{8C680234-68D0-4286-AEC5-F0AF155A82C5}.Release|ARM.ActiveCfg = Release|iPhone
		{8C680234-68D0-4286-AEC5-F0AF155A82C5}.Release|iPhone.ActiveCfg = Release|iPhone
		{8C680234-68D0-4286-AEC5-F0AF155A82C5}.Release|iPhone.Build.0 = Release|iPhone
		{8C680234-68D0-4286-AEC5-F0AF155A82C5}.Release|iPhoneSimulator.ActiveCfg = Release|iPhoneSimulator
		{8C680234-68D0-4286-AEC5-F0AF155A82C5}.Release|iPhoneSimulator.Build.0 = Release|iPhoneSimulator
		{8C680234-68D0-4286-AEC5-F0AF155A82C5}.Release|x64.ActiveCfg = Release|iPhone
		{8C680234-68D0-4286-AEC5-F0AF155A82C5}.Release|x86.ActiveCfg = Release|iPhone
		{4F7A4EF6-6E26-40E2-BC5A-9B0BA2A00F60}.Ad-Hoc|Any CPU.ActiveCfg = Release|Any CPU
		{4F7A4EF6-6E26-40E2-BC5A-9B0BA2A00F60}.Ad-Hoc|Any CPU.Build.0 = Release|Any CPU
		{4F7A4EF6-6E26-40E2-BC5A-9B0BA2A00F60}.Ad-Hoc|Any CPU.Deploy.0 = Release|Any CPU
		{4F7A4EF6-6E26-40E2-BC5A-9B0BA2A00F60}.Ad-Hoc|ARM.ActiveCfg = Release|ARM
		{4F7A4EF6-6E26-40E2-BC5A-9B0BA2A00F60}.Ad-Hoc|ARM.Build.0 = Release|ARM
		{4F7A4EF6-6E26-40E2-BC5A-9B0BA2A00F60}.Ad-Hoc|ARM.Deploy.0 = Release|ARM
		{4F7A4EF6-6E26-40E2-BC5A-9B0BA2A00F60}.Ad-Hoc|iPhone.ActiveCfg = Release|Any CPU
		{4F7A4EF6-6E26-40E2-BC5A-9B0BA2A00F60}.Ad-Hoc|iPhone.Deploy.0 = Release|Any CPU
		{4F7A4EF6-6E26-40E2-BC5A-9B0BA2A00F60}.Ad-Hoc|iPhoneSimulator.ActiveCfg = Release|Any CPU
		{4F7A4EF6-6E26-40E2-BC5A-9B0BA2A00F60}.Ad-Hoc|iPhoneSimulator.Build.0 = Release|Any CPU
		{4F7A4EF6-6E26-40E2-BC5A-9B0BA2A00F60}.Ad-Hoc|iPhoneSimulator.Deploy.0 = Release|Any CPU
		{4F7A4EF6-6E26-40E2-BC5A-9B0BA2A00F60}.Ad-Hoc|x64.ActiveCfg = Release|Any CPU
		{4F7A4EF6-6E26-40E2-BC5A-9B0BA2A00F60}.Ad-Hoc|x64.Build.0 = Release|Any CPU
		{4F7A4EF6-6E26-40E2-BC5A-9B0BA2A00F60}.Ad-Hoc|x64.Deploy.0 = Release|Any CPU
		{4F7A4EF6-6E26-40E2-BC5A-9B0BA2A00F60}.Ad-Hoc|x86.ActiveCfg = Release|x86
		{4F7A4EF6-6E26-40E2-BC5A-9B0BA2A00F60}.Ad-Hoc|x86.Build.0 = Release|x86
		{4F7A4EF6-6E26-40E2-BC5A-9B0BA2A00F60}.Ad-Hoc|x86.Deploy.0 = Release|x86
		{4F7A4EF6-6E26-40E2-BC5A-9B0BA2A00F60}.AppStore|Any CPU.ActiveCfg = Release|Any CPU
		{4F7A4EF6-6E26-40E2-BC5A-9B0BA2A00F60}.AppStore|Any CPU.Build.0 = Release|Any CPU
		{4F7A4EF6-6E26-40E2-BC5A-9B0BA2A00F60}.AppStore|Any CPU.Deploy.0 = Release|Any CPU
		{4F7A4EF6-6E26-40E2-BC5A-9B0BA2A00F60}.AppStore|ARM.ActiveCfg = Release|ARM
		{4F7A4EF6-6E26-40E2-BC5A-9B0BA2A00F60}.AppStore|ARM.Build.0 = Release|ARM
		{4F7A4EF6-6E26-40E2-BC5A-9B0BA2A00F60}.AppStore|ARM.Deploy.0 = Release|ARM
		{4F7A4EF6-6E26-40E2-BC5A-9B0BA2A00F60}.AppStore|iPhone.ActiveCfg = Release|Any CPU
		{4F7A4EF6-6E26-40E2-BC5A-9B0BA2A00F60}.AppStore|iPhoneSimulator.ActiveCfg = Release|Any CPU
		{4F7A4EF6-6E26-40E2-BC5A-9B0BA2A00F60}.AppStore|x64.ActiveCfg = Release|Any CPU
		{4F7A4EF6-6E26-40E2-BC5A-9B0BA2A00F60}.AppStore|x64.Build.0 = Release|Any CPU
		{4F7A4EF6-6E26-40E2-BC5A-9B0BA2A00F60}.AppStore|x64.Deploy.0 = Release|Any CPU
		{4F7A4EF6-6E26-40E2-BC5A-9B0BA2A00F60}.AppStore|x86.ActiveCfg = Release|x86
		{4F7A4EF6-6E26-40E2-BC5A-9B0BA2A00F60}.AppStore|x86.Build.0 = Release|x86
		{4F7A4EF6-6E26-40E2-BC5A-9B0BA2A00F60}.AppStore|x86.Deploy.0 = Release|x86
		{4F7A4EF6-6E26-40E2-BC5A-9B0BA2A00F60}.Debug|Any CPU.ActiveCfg = Debug|Any CPU
		{4F7A4EF6-6E26-40E2-BC5A-9B0BA2A00F60}.Debug|ARM.ActiveCfg = Debug|ARM
		{4F7A4EF6-6E26-40E2-BC5A-9B0BA2A00F60}.Debug|ARM.Build.0 = Debug|ARM
		{4F7A4EF6-6E26-40E2-BC5A-9B0BA2A00F60}.Debug|ARM.Deploy.0 = Debug|ARM
		{4F7A4EF6-6E26-40E2-BC5A-9B0BA2A00F60}.Debug|iPhone.ActiveCfg = Debug|Any CPU
		{4F7A4EF6-6E26-40E2-BC5A-9B0BA2A00F60}.Debug|iPhoneSimulator.ActiveCfg = Debug|Any CPU
		{4F7A4EF6-6E26-40E2-BC5A-9B0BA2A00F60}.Debug|x64.ActiveCfg = Debug|Any CPU
		{4F7A4EF6-6E26-40E2-BC5A-9B0BA2A00F60}.Debug|x64.Build.0 = Debug|Any CPU
		{4F7A4EF6-6E26-40E2-BC5A-9B0BA2A00F60}.Debug|x64.Deploy.0 = Debug|Any CPU
		{4F7A4EF6-6E26-40E2-BC5A-9B0BA2A00F60}.Debug|x86.ActiveCfg = Debug|x86
		{4F7A4EF6-6E26-40E2-BC5A-9B0BA2A00F60}.Debug|x86.Build.0 = Debug|x86
		{4F7A4EF6-6E26-40E2-BC5A-9B0BA2A00F60}.Debug|x86.Deploy.0 = Debug|x86
		{4F7A4EF6-6E26-40E2-BC5A-9B0BA2A00F60}.Release|Any CPU.ActiveCfg = Release|Any CPU
		{4F7A4EF6-6E26-40E2-BC5A-9B0BA2A00F60}.Release|Any CPU.Build.0 = Release|Any CPU
		{4F7A4EF6-6E26-40E2-BC5A-9B0BA2A00F60}.Release|ARM.ActiveCfg = Release|ARM
		{4F7A4EF6-6E26-40E2-BC5A-9B0BA2A00F60}.Release|ARM.Build.0 = Release|ARM
		{4F7A4EF6-6E26-40E2-BC5A-9B0BA2A00F60}.Release|iPhone.ActiveCfg = Release|Any CPU
		{4F7A4EF6-6E26-40E2-BC5A-9B0BA2A00F60}.Release|iPhoneSimulator.ActiveCfg = Release|Any CPU
		{4F7A4EF6-6E26-40E2-BC5A-9B0BA2A00F60}.Release|iPhoneSimulator.Build.0 = Release|Any CPU
		{4F7A4EF6-6E26-40E2-BC5A-9B0BA2A00F60}.Release|iPhoneSimulator.Deploy.0 = Release|Any CPU
		{4F7A4EF6-6E26-40E2-BC5A-9B0BA2A00F60}.Release|x64.ActiveCfg = Release|Any CPU
		{4F7A4EF6-6E26-40E2-BC5A-9B0BA2A00F60}.Release|x64.Build.0 = Release|Any CPU
		{4F7A4EF6-6E26-40E2-BC5A-9B0BA2A00F60}.Release|x64.Deploy.0 = Release|Any CPU
		{4F7A4EF6-6E26-40E2-BC5A-9B0BA2A00F60}.Release|x86.ActiveCfg = Release|x86
		{4F7A4EF6-6E26-40E2-BC5A-9B0BA2A00F60}.Release|x86.Build.0 = Release|x86
		{4F7A4EF6-6E26-40E2-BC5A-9B0BA2A00F60}.Release|x86.Deploy.0 = Release|x86
		{0566BCBA-8016-41BA-BCDF-66E0DDE775B4}.Ad-Hoc|Any CPU.ActiveCfg = Release|Any CPU
		{0566BCBA-8016-41BA-BCDF-66E0DDE775B4}.Ad-Hoc|Any CPU.Build.0 = Release|Any CPU
		{0566BCBA-8016-41BA-BCDF-66E0DDE775B4}.Ad-Hoc|ARM.ActiveCfg = Release|Any CPU
		{0566BCBA-8016-41BA-BCDF-66E0DDE775B4}.Ad-Hoc|ARM.Build.0 = Release|Any CPU
		{0566BCBA-8016-41BA-BCDF-66E0DDE775B4}.Ad-Hoc|iPhone.ActiveCfg = Release|Any CPU
		{0566BCBA-8016-41BA-BCDF-66E0DDE775B4}.Ad-Hoc|iPhone.Build.0 = Release|Any CPU
		{0566BCBA-8016-41BA-BCDF-66E0DDE775B4}.Ad-Hoc|iPhoneSimulator.ActiveCfg = Release|Any CPU
		{0566BCBA-8016-41BA-BCDF-66E0DDE775B4}.Ad-Hoc|iPhoneSimulator.Build.0 = Release|Any CPU
		{0566BCBA-8016-41BA-BCDF-66E0DDE775B4}.Ad-Hoc|x64.ActiveCfg = Release|Any CPU
		{0566BCBA-8016-41BA-BCDF-66E0DDE775B4}.Ad-Hoc|x64.Build.0 = Release|Any CPU
		{0566BCBA-8016-41BA-BCDF-66E0DDE775B4}.Ad-Hoc|x86.ActiveCfg = Release|Any CPU
		{0566BCBA-8016-41BA-BCDF-66E0DDE775B4}.Ad-Hoc|x86.Build.0 = Release|Any CPU
		{0566BCBA-8016-41BA-BCDF-66E0DDE775B4}.AppStore|Any CPU.ActiveCfg = Release|Any CPU
		{0566BCBA-8016-41BA-BCDF-66E0DDE775B4}.AppStore|Any CPU.Build.0 = Release|Any CPU
		{0566BCBA-8016-41BA-BCDF-66E0DDE775B4}.AppStore|ARM.ActiveCfg = Release|Any CPU
		{0566BCBA-8016-41BA-BCDF-66E0DDE775B4}.AppStore|ARM.Build.0 = Release|Any CPU
		{0566BCBA-8016-41BA-BCDF-66E0DDE775B4}.AppStore|iPhone.ActiveCfg = Release|Any CPU
		{0566BCBA-8016-41BA-BCDF-66E0DDE775B4}.AppStore|iPhone.Build.0 = Release|Any CPU
		{0566BCBA-8016-41BA-BCDF-66E0DDE775B4}.AppStore|iPhoneSimulator.ActiveCfg = Release|Any CPU
		{0566BCBA-8016-41BA-BCDF-66E0DDE775B4}.AppStore|iPhoneSimulator.Build.0 = Release|Any CPU
		{0566BCBA-8016-41BA-BCDF-66E0DDE775B4}.AppStore|x64.ActiveCfg = Release|Any CPU
		{0566BCBA-8016-41BA-BCDF-66E0DDE775B4}.AppStore|x64.Build.0 = Release|Any CPU
		{0566BCBA-8016-41BA-BCDF-66E0DDE775B4}.AppStore|x86.ActiveCfg = Release|Any CPU
		{0566BCBA-8016-41BA-BCDF-66E0DDE775B4}.AppStore|x86.Build.0 = Release|Any CPU
		{0566BCBA-8016-41BA-BCDF-66E0DDE775B4}.Debug|Any CPU.ActiveCfg = Debug|Any CPU
		{0566BCBA-8016-41BA-BCDF-66E0DDE775B4}.Debug|Any CPU.Build.0 = Debug|Any CPU
		{0566BCBA-8016-41BA-BCDF-66E0DDE775B4}.Debug|ARM.ActiveCfg = Debug|Any CPU
		{0566BCBA-8016-41BA-BCDF-66E0DDE775B4}.Debug|ARM.Build.0 = Debug|Any CPU
		{0566BCBA-8016-41BA-BCDF-66E0DDE775B4}.Debug|iPhone.ActiveCfg = Release|Any CPU
		{0566BCBA-8016-41BA-BCDF-66E0DDE775B4}.Debug|iPhone.Build.0 = Release|Any CPU
		{0566BCBA-8016-41BA-BCDF-66E0DDE775B4}.Debug|iPhone.Deploy.0 = Release|Any CPU
		{0566BCBA-8016-41BA-BCDF-66E0DDE775B4}.Debug|iPhoneSimulator.ActiveCfg = Debug|Any CPU
		{0566BCBA-8016-41BA-BCDF-66E0DDE775B4}.Debug|iPhoneSimulator.Build.0 = Debug|Any CPU
		{0566BCBA-8016-41BA-BCDF-66E0DDE775B4}.Debug|x64.ActiveCfg = Debug|Any CPU
		{0566BCBA-8016-41BA-BCDF-66E0DDE775B4}.Debug|x64.Build.0 = Debug|Any CPU
		{0566BCBA-8016-41BA-BCDF-66E0DDE775B4}.Debug|x86.ActiveCfg = Debug|Any CPU
		{0566BCBA-8016-41BA-BCDF-66E0DDE775B4}.Debug|x86.Build.0 = Debug|Any CPU
		{0566BCBA-8016-41BA-BCDF-66E0DDE775B4}.Release|Any CPU.ActiveCfg = Release|Any CPU
		{0566BCBA-8016-41BA-BCDF-66E0DDE775B4}.Release|ARM.ActiveCfg = Release|Any CPU
		{0566BCBA-8016-41BA-BCDF-66E0DDE775B4}.Release|iPhone.ActiveCfg = Release|Any CPU
		{0566BCBA-8016-41BA-BCDF-66E0DDE775B4}.Release|iPhone.Build.0 = Release|Any CPU
		{0566BCBA-8016-41BA-BCDF-66E0DDE775B4}.Release|iPhoneSimulator.ActiveCfg = Release|Any CPU
		{0566BCBA-8016-41BA-BCDF-66E0DDE775B4}.Release|iPhoneSimulator.Build.0 = Release|Any CPU
		{0566BCBA-8016-41BA-BCDF-66E0DDE775B4}.Release|x64.ActiveCfg = Release|Any CPU
		{0566BCBA-8016-41BA-BCDF-66E0DDE775B4}.Release|x64.Build.0 = Release|Any CPU
		{0566BCBA-8016-41BA-BCDF-66E0DDE775B4}.Release|x86.ActiveCfg = Release|Any CPU
		{0566BCBA-8016-41BA-BCDF-66E0DDE775B4}.Release|x86.Build.0 = Release|Any CPU
	EndGlobalSection
	GlobalSection(SolutionProperties) = preSolution
		HideSolutionNode = FALSE
	EndGlobalSection
EndGlobal
